
Microsoft Visual Studio Solution File, Format Version 12.00
# Visual Studio 15
VisualStudioVersion = 15.0.26228.9
MinimumVisualStudioVersion = 10.0.40219.1
Project("{00D1A9C2-B5F0-4AF3-8072-F6C62B433612}") = "Scorecard Database", "Scorecard Database\Scorecard Database.sqlproj", "{45E0B6FB-8A70-4107-8DD2-D4E8F5575154}"
EndProject
Global
	GlobalSection(SolutionConfigurationPlatforms) = preSolution
		Debug|Any CPU = Debug|Any CPU
		Release|Any CPU = Release|Any CPU
	EndGlobalSection
	GlobalSection(ProjectConfigurationPlatforms) = postSolution
		{45E0B6FB-8A70-4107-8DD2-D4E8F5575154}.Debug|Any CPU.ActiveCfg = Debug|Any CPU
		{45E0B6FB-8A70-4107-8DD2-D4E8F5575154}.Debug|Any CPU.Build.0 = Debug|Any CPU
		{45E0B6FB-8A70-4107-8DD2-D4E8F5575154}.Debug|Any CPU.Deploy.0 = Debug|Any CPU
		{45E0B6FB-8A70-4107-8DD2-D4E8F5575154}.Release|Any CPU.ActiveCfg = Release|Any CPU
		{45E0B6FB-8A70-4107-8DD2-D4E8F5575154}.Release|Any CPU.Build.0 = Release|Any CPU
		{45E0B6FB-8A70-4107-8DD2-D4E8F5575154}.Release|Any CPU.Deploy.0 = Release|Any CPU
	EndGlobalSection
	GlobalSection(SolutionProperties) = preSolution
		HideSolutionNode = FALSE
	EndGlobalSection
EndGlobal
